
Microsoft Visual Studio Solution File, Format Version 12.00
# Visual Studio Version 17
VisualStudioVersion = 17.0.31903.59
MinimumVisualStudioVersion = 10.0.40219.1
Project("{9A19103F-16F7-4668-BE54-9A1E7A4F7556}") = "ConferancePlanner.GraphQL", "GraphQL\ConferancePlanner.GraphQL.csproj", "{D2734EB7-AB85-45C0-9C68-EE15AA430C40}"
EndProject
Project("{2150E333-8FDC-42A3-9474-1A3956D46DE8}") = "Solution Items", "Solution Items", "{02AE6AE5-3A06-4F54-930C-53CA26DD526B}"
	ProjectSection(SolutionItems) = preProject
		README.md = README.md
	EndProjectSection
EndProject
Global
	GlobalSection(SolutionConfigurationPlatforms) = preSolution
		Debug|Any CPU = Debug|Any CPU
		Release|Any CPU = Release|Any CPU
	EndGlobalSection
	GlobalSection(ProjectConfigurationPlatforms) = postSolution
		{D2734EB7-AB85-45C0-9C68-EE15AA430C40}.Debug|Any CPU.ActiveCfg = Debug|Any CPU
		{D2734EB7-AB85-45C0-9C68-EE15AA430C40}.Debug|Any CPU.Build.0 = Debug|Any CPU
		{D2734EB7-AB85-45C0-9C68-EE15AA430C40}.Release|Any CPU.ActiveCfg = Release|Any CPU
		{D2734EB7-AB85-45C0-9C68-EE15AA430C40}.Release|Any CPU.Build.0 = Release|Any CPU
	EndGlobalSection
	GlobalSection(SolutionProperties) = preSolution
		HideSolutionNode = FALSE
	EndGlobalSection
	GlobalSection(ExtensibilityGlobals) = postSolution
		SolutionGuid = {BEB090AB-DBEF-4671-ADFF-C4DED60C91D9}
	EndGlobalSection
EndGlobal
